// !$*UTF8*$!
{
	archiveVersion = 1;
	classes = {
	};
	objectVersion = 50;
	objects = {

/* Begin PBXBuildFile section */
		EA029CDA25B19FD600DD73F9 /* LandmarksApp.swift in Sources */ = {isa = PBXBuildFile; fileRef = EA029CD925B19FD600DD73F9 /* LandmarksApp.swift */; };
		EA029CDC25B19FD600DD73F9 /* ContentView.swift in Sources */ = {isa = PBXBuildFile; fileRef = EA029CDB25B19FD600DD73F9 /* ContentView.swift */; };
		EA029CDE25B19FD700DD73F9 /* Assets.xcassets in Resources */ = {isa = PBXBuildFile; fileRef = EA029CDD25B19FD700DD73F9 /* Assets.xcassets */; };
		EA029CE125B19FD700DD73F9 /* Preview Assets.xcassets in Resources */ = {isa = PBXBuildFile; fileRef = EA029CE025B19FD700DD73F9 /* Preview Assets.xcassets */; };
		EA029CEC25B19FD700DD73F9 /* LandmarksTests.swift in Sources */ = {isa = PBXBuildFile; fileRef = EA029CEB25B19FD700DD73F9 /* LandmarksTests.swift */; };
		EA029CF725B19FD700DD73F9 /* LandmarksUITests.swift in Sources */ = {isa = PBXBuildFile; fileRef = EA029CF625B19FD700DD73F9 /* LandmarksUITests.swift */; };
		EA371EA025B1E48500B921E9 /* MapView.swift in Sources */ = {isa = PBXBuildFile; fileRef = EA371E9F25B1E48500B921E9 /* MapView.swift */; };
		EA8CF02F25B9988C00BE90F7 /* FavouriteButton.swift in Sources */ = {isa = PBXBuildFile; fileRef = EA8CF02E25B9988C00BE90F7 /* FavouriteButton.swift */; };
		EA9C97A625B1E1FA001E559B /* CircleImage.swift in Sources */ = {isa = PBXBuildFile; fileRef = EA9C97A525B1E1FA001E559B /* CircleImage.swift */; };
		EAA5B74F25B6EBC7005238D0 /* LandmarkRow.swift in Sources */ = {isa = PBXBuildFile; fileRef = EAA5B74E25B6EBC7005238D0 /* LandmarkRow.swift */; };
		EAA5B75425B6F182005238D0 /* LandmarkList.swift in Sources */ = {isa = PBXBuildFile; fileRef = EAA5B75325B6F182005238D0 /* LandmarkList.swift */; };
		EAA5B75925B6F3E7005238D0 /* LandmarkDetail.swift in Sources */ = {isa = PBXBuildFile; fileRef = EAA5B75825B6F3E7005238D0 /* LandmarkDetail.swift */; };
		EAFDBF7525B3341400E125C3 /* landmarkData.json in Resources */ = {isa = PBXBuildFile; fileRef = EAFDBF7425B3341400E125C3 /* landmarkData.json */; };
		EAFDBF7A25B3345B00E125C3 /* Landmark.swift in Sources */ = {isa = PBXBuildFile; fileRef = EAFDBF7925B3345B00E125C3 /* Landmark.swift */; };
		EAFDBF7F25B337B800E125C3 /* ModelData.swift in Sources */ = {isa = PBXBuildFile; fileRef = EAFDBF7E25B337B800E125C3 /* ModelData.swift */; };
/* End PBXBuildFile section */

/* Begin PBXContainerItemProxy section */
		EA029CE825B19FD700DD73F9 /* PBXContainerItemProxy */ = {
			isa = PBXContainerItemProxy;
			containerPortal = EA029CCE25B19FD600DD73F9 /* Project object */;
			proxyType = 1;
			remoteGlobalIDString = EA029CD525B19FD600DD73F9;
			remoteInfo = Landmarks;
		};
		EA029CF325B19FD700DD73F9 /* PBXContainerItemProxy */ = {
			isa = PBXContainerItemProxy;
			containerPortal = EA029CCE25B19FD600DD73F9 /* Project object */;
			proxyType = 1;
			remoteGlobalIDString = EA029CD525B19FD600DD73F9;
			remoteInfo = Landmarks;
		};
/* End PBXContainerItemProxy section */

/* Begin PBXFileReference section */
		EA029CD625B19FD600DD73F9 /* Landmarks.app */ = {isa = PBXFileReference; explicitFileType = wrapper.application; includeInIndex = 0; path = Landmarks.app; sourceTree = BUILT_PRODUCTS_DIR; };
		EA029CD925B19FD600DD73F9 /* LandmarksApp.swift */ = {isa = PBXFileReference; lastKnownFileType = sourcecode.swift; path = LandmarksApp.swift; sourceTree = "<group>"; };
		EA029CDB25B19FD600DD73F9 /* ContentView.swift */ = {isa = PBXFileReference; lastKnownFileType = sourcecode.swift; path = ContentView.swift; sourceTree = "<group>"; };
		EA029CDD25B19FD700DD73F9 /* Assets.xcassets */ = {isa = PBXFileReference; lastKnownFileType = folder.assetcatalog; path = Assets.xcassets; sourceTree = "<group>"; };
		EA029CE025B19FD700DD73F9 /* Preview Assets.xcassets */ = {isa = PBXFileReference; lastKnownFileType = folder.assetcatalog; path = "Preview Assets.xcassets"; sourceTree = "<group>"; };
		EA029CE225B19FD700DD73F9 /* Info.plist */ = {isa = PBXFileReference; lastKnownFileType = text.plist.xml; path = Info.plist; sourceTree = "<group>"; };
		EA029CE725B19FD700DD73F9 /* LandmarksTests.xctest */ = {isa = PBXFileReference; explicitFileType = wrapper.cfbundle; includeInIndex = 0; path = LandmarksTests.xctest; sourceTree = BUILT_PRODUCTS_DIR; };
		EA029CEB25B19FD700DD73F9 /* LandmarksTests.swift */ = {isa = PBXFileReference; lastKnownFileType = sourcecode.swift; path = LandmarksTests.swift; sourceTree = "<group>"; };
		EA029CED25B19FD700DD73F9 /* Info.plist */ = {isa = PBXFileReference; lastKnownFileType = text.plist.xml; path = Info.plist; sourceTree = "<group>"; };
		EA029CF225B19FD700DD73F9 /* LandmarksUITests.xctest */ = {isa = PBXFileReference; explicitFileType = wrapper.cfbundle; includeInIndex = 0; path = LandmarksUITests.xctest; sourceTree = BUILT_PRODUCTS_DIR; };
		EA029CF625B19FD700DD73F9 /* LandmarksUITests.swift */ = {isa = PBXFileReference; lastKnownFileType = sourcecode.swift; path = LandmarksUITests.swift; sourceTree = "<group>"; };
		EA029CF825B19FD700DD73F9 /* Info.plist */ = {isa = PBXFileReference; lastKnownFileType = text.plist.xml; path = Info.plist; sourceTree = "<group>"; };
		EA371E9F25B1E48500B921E9 /* MapView.swift */ = {isa = PBXFileReference; lastKnownFileType = sourcecode.swift; path = MapView.swift; sourceTree = "<group>"; };
		EA8CF02E25B9988C00BE90F7 /* FavouriteButton.swift */ = {isa = PBXFileReference; lastKnownFileType = sourcecode.swift; path = FavouriteButton.swift; sourceTree = "<group>"; };
		EA9C97A525B1E1FA001E559B /* CircleImage.swift */ = {isa = PBXFileReference; lastKnownFileType = sourcecode.swift; path = CircleImage.swift; sourceTree = "<group>"; };
		EAA5B74E25B6EBC7005238D0 /* LandmarkRow.swift */ = {isa = PBXFileReference; lastKnownFileType = sourcecode.swift; path = LandmarkRow.swift; sourceTree = "<group>"; };
		EAA5B75325B6F182005238D0 /* LandmarkList.swift */ = {isa = PBXFileReference; lastKnownFileType = sourcecode.swift; path = LandmarkList.swift; sourceTree = "<group>"; };
		EAA5B75825B6F3E7005238D0 /* LandmarkDetail.swift */ = {isa = PBXFileReference; lastKnownFileType = sourcecode.swift; path = LandmarkDetail.swift; sourceTree = "<group>"; };
		EAFDBF7425B3341400E125C3 /* landmarkData.json */ = {isa = PBXFileReference; fileEncoding = 4; lastKnownFileType = text.json; path = landmarkData.json; sourceTree = "<group>"; };
		EAFDBF7925B3345B00E125C3 /* Landmark.swift */ = {isa = PBXFileReference; lastKnownFileType = sourcecode.swift; path = Landmark.swift; sourceTree = "<group>"; };
		EAFDBF7E25B337B800E125C3 /* ModelData.swift */ = {isa = PBXFileReference; lastKnownFileType = sourcecode.swift; path = ModelData.swift; sourceTree = "<group>"; };
/* End PBXFileReference section */

/* Begin PBXFrameworksBuildPhase section */
		EA029CD325B19FD600DD73F9 /* Frameworks */ = {
			isa = PBXFrameworksBuildPhase;
			buildActionMask = 2147483647;
			files = (
			);
			runOnlyForDeploymentPostprocessing = 0;
		};
		EA029CE425B19FD700DD73F9 /* Frameworks */ = {
			isa = PBXFrameworksBuildPhase;
			buildActionMask = 2147483647;
			files = (
			);
			runOnlyForDeploymentPostprocessing = 0;
		};
		EA029CEF25B19FD700DD73F9 /* Frameworks */ = {
			isa = PBXFrameworksBuildPhase;
			buildActionMask = 2147483647;
			files = (
			);
			runOnlyForDeploymentPostprocessing = 0;
		};
/* End PBXFrameworksBuildPhase section */

/* Begin PBXGroup section */
		EA029CCD25B19FD600DD73F9 = {
			isa = PBXGroup;
			children = (
				EA029CD825B19FD600DD73F9 /* Landmarks */,
				EA029CEA25B19FD700DD73F9 /* LandmarksTests */,
				EA029CF525B19FD700DD73F9 /* LandmarksUITests */,
				EA029CD725B19FD600DD73F9 /* Products */,
			);
			sourceTree = "<group>";
		};
		EA029CD725B19FD600DD73F9 /* Products */ = {
			isa = PBXGroup;
			children = (
				EA029CD625B19FD600DD73F9 /* Landmarks.app */,
				EA029CE725B19FD700DD73F9 /* LandmarksTests.xctest */,
				EA029CF225B19FD700DD73F9 /* LandmarksUITests.xctest */,
			);
			name = Products;
			sourceTree = "<group>";
		};
		EA029CD825B19FD600DD73F9 /* Landmarks */ = {
			isa = PBXGroup;
			children = (
				EAFDBF8725B338D600E125C3 /* Model */,
				EAFDBF8325B3388200E125C3 /* Views */,
				EAFDBF8825B338F200E125C3 /* Resources */,
				EA029CD925B19FD600DD73F9 /* LandmarksApp.swift */,
				EA029CDD25B19FD700DD73F9 /* Assets.xcassets */,
				EA029CE225B19FD700DD73F9 /* Info.plist */,
				EA029CDF25B19FD700DD73F9 /* Preview Content */,
			);
			path = Landmarks;
			sourceTree = "<group>";
		};
		EA029CDF25B19FD700DD73F9 /* Preview Content */ = {
			isa = PBXGroup;
			children = (
				EA029CE025B19FD700DD73F9 /* Preview Assets.xcassets */,
			);
			path = "Preview Content";
			sourceTree = "<group>";
		};
		EA029CEA25B19FD700DD73F9 /* LandmarksTests */ = {
			isa = PBXGroup;
			children = (
				EA029CEB25B19FD700DD73F9 /* LandmarksTests.swift */,
				EA029CED25B19FD700DD73F9 /* Info.plist */,
			);
			path = LandmarksTests;
			sourceTree = "<group>";
		};
		EA029CF525B19FD700DD73F9 /* LandmarksUITests */ = {
			isa = PBXGroup;
			children = (
				EA029CF625B19FD700DD73F9 /* LandmarksUITests.swift */,
				EA029CF825B19FD700DD73F9 /* Info.plist */,
			);
			path = LandmarksUITests;
			sourceTree = "<group>";
		};
		EA8CF03325B999E700BE90F7 /* Landmarks */ = {
			isa = PBXGroup;
			children = (
				EAA5B74E25B6EBC7005238D0 /* LandmarkRow.swift */,
				EAA5B75325B6F182005238D0 /* LandmarkList.swift */,
				EAA5B75825B6F3E7005238D0 /* LandmarkDetail.swift */,
			);
			path = Landmarks;
			sourceTree = "<group>";
		};
		EA8CF03525B99A0D00BE90F7 /* Helpers */ = {
			isa = PBXGroup;
			children = (
				EA371E9F25B1E48500B921E9 /* MapView.swift */,
				EA9C97A525B1E1FA001E559B /* CircleImage.swift */,
				EA8CF02E25B9988C00BE90F7 /* FavouriteButton.swift */,
			);
			path = Helpers;
			sourceTree = "<group>";
		};
		EAFDBF8325B3388200E125C3 /* Views */ = {
			isa = PBXGroup;
			children = (
				EA029CDB25B19FD600DD73F9 /* ContentView.swift */,
				EA8CF03325B999E700BE90F7 /* Landmarks */,
				EA8CF03525B99A0D00BE90F7 /* Helpers */,
			);
			path = Views;
			sourceTree = "<group>";
		};
		EAFDBF8725B338D600E125C3 /* Model */ = {
			isa = PBXGroup;
			children = (
				EAFDBF7925B3345B00E125C3 /* Landmark.swift */,
				EAFDBF7E25B337B800E125C3 /* ModelData.swift */,
			);
			path = Model;
			sourceTree = "<group>";
		};
		EAFDBF8825B338F200E125C3 /* Resources */ = {
			isa = PBXGroup;
			children = (
				EAFDBF7425B3341400E125C3 /* landmarkData.json */,
			);
			path = Resources;
			sourceTree = "<group>";
		};
/* End PBXGroup section */

/* Begin PBXNativeTarget section */
		EA029CD525B19FD600DD73F9 /* Landmarks */ = {
			isa = PBXNativeTarget;
			buildConfigurationList = EA029CFB25B19FD700DD73F9 /* Build configuration list for PBXNativeTarget "Landmarks" */;
			buildPhases = (
				EA029CD225B19FD600DD73F9 /* Sources */,
				EA029CD325B19FD600DD73F9 /* Frameworks */,
				EA029CD425B19FD600DD73F9 /* Resources */,
			);
			buildRules = (
			);
			dependencies = (
			);
			name = Landmarks;
			productName = Landmarks;
			productReference = EA029CD625B19FD600DD73F9 /* Landmarks.app */;
			productType = "com.apple.product-type.application";
		};
		EA029CE625B19FD700DD73F9 /* LandmarksTests */ = {
			isa = PBXNativeTarget;
			buildConfigurationList = EA029CFE25B19FD700DD73F9 /* Build configuration list for PBXNativeTarget "LandmarksTests" */;
			buildPhases = (
				EA029CE325B19FD700DD73F9 /* Sources */,
				EA029CE425B19FD700DD73F9 /* Frameworks */,
				EA029CE525B19FD700DD73F9 /* Resources */,
			);
			buildRules = (
			);
			dependencies = (
				EA029CE925B19FD700DD73F9 /* PBXTargetDependency */,
			);
			name = LandmarksTests;
			productName = LandmarksTests;
			productReference = EA029CE725B19FD700DD73F9 /* LandmarksTests.xctest */;
			productType = "com.apple.product-type.bundle.unit-test";
		};
		EA029CF125B19FD700DD73F9 /* LandmarksUITests */ = {
			isa = PBXNativeTarget;
			buildConfigurationList = EA029D0125B19FD700DD73F9 /* Build configuration list for PBXNativeTarget "LandmarksUITests" */;
			buildPhases = (
				EA029CEE25B19FD700DD73F9 /* Sources */,
				EA029CEF25B19FD700DD73F9 /* Frameworks */,
				EA029CF025B19FD700DD73F9 /* Resources */,
			);
			buildRules = (
			);
			dependencies = (
				EA029CF425B19FD700DD73F9 /* PBXTargetDependency */,
			);
			name = LandmarksUITests;
			productName = LandmarksUITests;
			productReference = EA029CF225B19FD700DD73F9 /* LandmarksUITests.xctest */;
			productType = "com.apple.product-type.bundle.ui-testing";
		};
/* End PBXNativeTarget section */

/* Begin PBXProject section */
		EA029CCE25B19FD600DD73F9 /* Project object */ = {
			isa = PBXProject;
			attributes = {
				LastSwiftUpdateCheck = 1230;
				LastUpgradeCheck = 1230;
				TargetAttributes = {
					EA029CD525B19FD600DD73F9 = {
						CreatedOnToolsVersion = 12.3;
					};
					EA029CE625B19FD700DD73F9 = {
						CreatedOnToolsVersion = 12.3;
						TestTargetID = EA029CD525B19FD600DD73F9;
					};
					EA029CF125B19FD700DD73F9 = {
						CreatedOnToolsVersion = 12.3;
						TestTargetID = EA029CD525B19FD600DD73F9;
					};
				};
			};
			buildConfigurationList = EA029CD125B19FD600DD73F9 /* Build configuration list for PBXProject "Landmarks" */;
			compatibilityVersion = "Xcode 9.3";
			developmentRegion = en;
			hasScannedForEncodings = 0;
			knownRegions = (
				en,
				Base,
			);
			mainGroup = EA029CCD25B19FD600DD73F9;
			productRefGroup = EA029CD725B19FD600DD73F9 /* Products */;
			projectDirPath = "";
			projectRoot = "";
			targets = (
				EA029CD525B19FD600DD73F9 /* Landmarks */,
				EA029CE625B19FD700DD73F9 /* LandmarksTests */,
				EA029CF125B19FD700DD73F9 /* LandmarksUITests */,
			);
		};
/* End PBXProject section */

/* Begin PBXResourcesBuildPhase section */
		EA029CD425B19FD600DD73F9 /* Resources */ = {
			isa = PBXResourcesBuildPhase;
			buildActionMask = 2147483647;
			files = (
				EA029CE125B19FD700DD73F9 /* Preview Assets.xcassets in Resources */,
				EA029CDE25B19FD700DD73F9 /* Assets.xcassets in Resources */,
				EAFDBF7525B3341400E125C3 /* landmarkData.json in Resources */,
			);
			runOnlyForDeploymentPostprocessing = 0;
		};
		EA029CE525B19FD700DD73F9 /* Resources */ = {
			isa = PBXResourcesBuildPhase;
			buildActionMask = 2147483647;
			files = (
			);
			runOnlyForDeploymentPostprocessing = 0;
		};
		EA029CF025B19FD700DD73F9 /* Resources */ = {
			isa = PBXResourcesBuildPhase;
			buildActionMask = 2147483647;
			files = (
			);
			runOnlyForDeploymentPostprocessing = 0;
		};
/* End PBXResourcesBuildPhase section */

/* Begin PBXSourcesBuildPhase section */
		EA029CD225B19FD600DD73F9 /* Sources */ = {
			isa = PBXSourcesBuildPhase;
			buildActionMask = 2147483647;
			files = (
				EA029CDC25B19FD600DD73F9 /* ContentView.swift in Sources */,
				EA371EA025B1E48500B921E9 /* MapView.swift in Sources */,
				EA029CDA25B19FD600DD73F9 /* LandmarksApp.swift in Sources */,
				EAA5B75425B6F182005238D0 /* LandmarkList.swift in Sources */,
				EAA5B75925B6F3E7005238D0 /* LandmarkDetail.swift in Sources */,
				EA8CF02F25B9988C00BE90F7 /* FavouriteButton.swift in Sources */,
				EA9C97A625B1E1FA001E559B /* CircleImage.swift in Sources */,
				EAFDBF7A25B3345B00E125C3 /* Landmark.swift in Sources */,
				EAA5B74F25B6EBC7005238D0 /* LandmarkRow.swift in Sources */,
				EAFDBF7F25B337B800E125C3 /* ModelData.swift in Sources */,
			);
			runOnlyForDeploymentPostprocessing = 0;
		};
		EA029CE325B19FD700DD73F9 /* Sources */ = {
			isa = PBXSourcesBuildPhase;
			buildActionMask = 2147483647;
			files = (
				EA029CEC25B19FD700DD73F9 /* LandmarksTests.swift in Sources */,
			);
			runOnlyForDeploymentPostprocessing = 0;
		};
		EA029CEE25B19FD700DD73F9 /* Sources */ = {
			isa = PBXSourcesBuildPhase;
			buildActionMask = 2147483647;
			files = (
				EA029CF725B19FD700DD73F9 /* LandmarksUITests.swift in Sources */,
			);
			runOnlyForDeploymentPostprocessing = 0;
		};
/* End PBXSourcesBuildPhase section */

/* Begin PBXTargetDependency section */
		EA029CE925B19FD700DD73F9 /* PBXTargetDependency */ = {
			isa = PBXTargetDependency;
			target = EA029CD525B19FD600DD73F9 /* Landmarks */;
			targetProxy = EA029CE825B19FD700DD73F9 /* PBXContainerItemProxy */;
		};
		EA029CF425B19FD700DD73F9 /* PBXTargetDependency */ = {
			isa = PBXTargetDependency;
			target = EA029CD525B19FD600DD73F9 /* Landmarks */;
			targetProxy = EA029CF325B19FD700DD73F9 /* PBXContainerItemProxy */;
		};
/* End PBXTargetDependency section */

/* Begin XCBuildConfiguration section */
		EA029CF925B19FD700DD73F9 /* Debug */ = {
			isa = XCBuildConfiguration;
			buildSettings = {
				ALWAYS_SEARCH_USER_PATHS = NO;
				CLANG_ANALYZER_NONNULL = YES;
				CLANG_ANALYZER_NUMBER_OBJECT_CONVERSION = YES_AGGRESSIVE;
				CLANG_CXX_LANGUAGE_STANDARD = "gnu++14";
				CLANG_CXX_LIBRARY = "libc++";
				CLANG_ENABLE_MODULES = YES;
				CLANG_ENABLE_OBJC_ARC = YES;
				CLANG_ENABLE_OBJC_WEAK = YES;
				CLANG_WARN_BLOCK_CAPTURE_AUTORELEASING = YES;
				CLANG_WARN_BOOL_CONVERSION = YES;
				CLANG_WARN_COMMA = YES;
				CLANG_WARN_CONSTANT_CONVERSION = YES;
				CLANG_WARN_DEPRECATED_OBJC_IMPLEMENTATIONS = YES;
				CLANG_WARN_DIRECT_OBJC_ISA_USAGE = YES_ERROR;
				CLANG_WARN_DOCUMENTATION_COMMENTS = YES;
				CLANG_WARN_EMPTY_BODY = YES;
				CLANG_WARN_ENUM_CONVERSION = YES;
				CLANG_WARN_INFINITE_RECURSION = YES;
				CLANG_WARN_INT_CONVERSION = YES;
				CLANG_WARN_NON_LITERAL_NULL_CONVERSION = YES;
				CLANG_WARN_OBJC_IMPLICIT_RETAIN_SELF = YES;
				CLANG_WARN_OBJC_LITERAL_CONVERSION = YES;
				CLANG_WARN_OBJC_ROOT_CLASS = YES_ERROR;
				CLANG_WARN_QUOTED_INCLUDE_IN_FRAMEWORK_HEADER = YES;
				CLANG_WARN_RANGE_LOOP_ANALYSIS = YES;
				CLANG_WARN_STRICT_PROTOTYPES = YES;
				CLANG_WARN_SUSPICIOUS_MOVE = YES;
				CLANG_WARN_UNGUARDED_AVAILABILITY = YES_AGGRESSIVE;
				CLANG_WARN_UNREACHABLE_CODE = YES;
				CLANG_WARN__DUPLICATE_METHOD_MATCH = YES;
				COPY_PHASE_STRIP = NO;
				DEBUG_INFORMATION_FORMAT = dwarf;
				ENABLE_STRICT_OBJC_MSGSEND = YES;
				ENABLE_TESTABILITY = YES;
				GCC_C_LANGUAGE_STANDARD = gnu11;
				GCC_DYNAMIC_NO_PIC = NO;
				GCC_NO_COMMON_BLOCKS = YES;
				GCC_OPTIMIZATION_LEVEL = 0;
				GCC_PREPROCESSOR_DEFINITIONS = (
					"DEBUG=1",
					"$(inherited)",
				);
				GCC_WARN_64_TO_32_BIT_CONVERSION = YES;
				GCC_WARN_ABOUT_RETURN_TYPE = YES_ERROR;
				GCC_WARN_UNDECLARED_SELECTOR = YES;
				GCC_WARN_UNINITIALIZED_AUTOS = YES_AGGRESSIVE;
				GCC_WARN_UNUSED_FUNCTION = YES;
				GCC_WARN_UNUSED_VARIABLE = YES;
				IPHONEOS_DEPLOYMENT_TARGET = 14.3;
				MTL_ENABLE_DEBUG_INFO = INCLUDE_SOURCE;
				MTL_FAST_MATH = YES;
				ONLY_ACTIVE_ARCH = YES;
				SDKROOT = iphoneos;
				SWIFT_ACTIVE_COMPILATION_CONDITIONS = DEBUG;
				SWIFT_OPTIMIZATION_LEVEL = "-Onone";
			};
			name = Debug;
		};
		EA029CFA25B19FD700DD73F9 /* Release */ = {
			isa = XCBuildConfiguration;
			buildSettings = {
				ALWAYS_SEARCH_USER_PATHS = NO;
				CLANG_ANALYZER_NONNULL = YES;
				CLANG_ANALYZER_NUMBER_OBJECT_CONVERSION = YES_AGGRESSIVE;
				CLANG_CXX_LANGUAGE_STANDARD = "gnu++14";
				CLANG_CXX_LIBRARY = "libc++";
				CLANG_ENABLE_MODULES = YES;
				CLANG_ENABLE_OBJC_ARC = YES;
				CLANG_ENABLE_OBJC_WEAK = YES;
				CLANG_WARN_BLOCK_CAPTURE_AUTORELEASING = YES;
				CLANG_WARN_BOOL_CONVERSION = YES;
				CLANG_WARN_COMMA = YES;
				CLANG_WARN_CONSTANT_CONVERSION = YES;
				CLANG_WARN_DEPRECATED_OBJC_IMPLEMENTATIONS = YES;
				CLANG_WARN_DIRECT_OBJC_ISA_USAGE = YES_ERROR;
				CLANG_WARN_DOCUMENTATION_COMMENTS = YES;
				CLANG_WARN_EMPTY_BODY = YES;
				CLANG_WARN_ENUM_CONVERSION = YES;
				CLANG_WARN_INFINITE_RECURSION = YES;
				CLANG_WARN_INT_CONVERSION = YES;
				CLANG_WARN_NON_LITERAL_NULL_CONVERSION = YES;
				CLANG_WARN_OBJC_IMPLICIT_RETAIN_SELF = YES;
				CLANG_WARN_OBJC_LITERAL_CONVERSION = YES;
				CLANG_WARN_OBJC_ROOT_CLASS = YES_ERROR;
				CLANG_WARN_QUOTED_INCLUDE_IN_FRAMEWORK_HEADER = YES;
				CLANG_WARN_RANGE_LOOP_ANALYSIS = YES;
				CLANG_WARN_STRICT_PROTOTYPES = YES;
				CLANG_WARN_SUSPICIOUS_MOVE = YES;
				CLANG_WARN_UNGUARDED_AVAILABILITY = YES_AGGRESSIVE;
				CLANG_WARN_UNREACHABLE_CODE = YES;
				CLANG_WARN__DUPLICATE_METHOD_MATCH = YES;
				COPY_PHASE_STRIP = NO;
				DEBUG_INFORMATION_FORMAT = "dwarf-with-dsym";
				ENABLE_NS_ASSERTIONS = NO;
				ENABLE_STRICT_OBJC_MSGSEND = YES;
				GCC_C_LANGUAGE_STANDARD = gnu11;
				GCC_NO_COMMON_BLOCKS = YES;
				GCC_WARN_64_TO_32_BIT_CONVERSION = YES;
				GCC_WARN_ABOUT_RETURN_TYPE = YES_ERROR;
				GCC_WARN_UNDECLARED_SELECTOR = YES;
				GCC_WARN_UNINITIALIZED_AUTOS = YES_AGGRESSIVE;
				GCC_WARN_UNUSED_FUNCTION = YES;
				GCC_WARN_UNUSED_VARIABLE = YES;
				IPHONEOS_DEPLOYMENT_TARGET = 14.3;
				MTL_ENABLE_DEBUG_INFO = NO;
				MTL_FAST_MATH = YES;
				SDKROOT = iphoneos;
				SWIFT_COMPILATION_MODE = wholemodule;
				SWIFT_OPTIMIZATION_LEVEL = "-O";
				VALIDATE_PRODUCT = YES;
			};
			name = Release;
		};
		EA029CFC25B19FD700DD73F9 /* Debug */ = {
			isa = XCBuildConfiguration;
			buildSettings = {
				ASSETCATALOG_COMPILER_APPICON_NAME = AppIcon;
				ASSETCATALOG_COMPILER_GLOBAL_ACCENT_COLOR_NAME = AccentColor;
				CODE_SIGN_STYLE = Automatic;
				DEVELOPMENT_ASSET_PATHS = "\"Landmarks/Preview Content\"";
				ENABLE_PREVIEWS = YES;
				INFOPLIST_FILE = Landmarks/Info.plist;
				IPHONEOS_DEPLOYMENT_TARGET = 14.0;
				LD_RUNPATH_SEARCH_PATHS = (
					"$(inherited)",
					"@executable_path/Frameworks",
				);
				PRODUCT_BUNDLE_IDENTIFIER = com.winlwinoo.Landmarks;
				PRODUCT_NAME = "$(TARGET_NAME)";
				SWIFT_VERSION = 5.0;
				TARGETED_DEVICE_FAMILY = "1,2";
			};
			name = Debug;
		};
		EA029CFD25B19FD700DD73F9 /* Release */ = {
			isa = XCBuildConfiguration;
			buildSettings = {
				ASSETCATALOG_COMPILER_APPICON_NAME = AppIcon;
				ASSETCATALOG_COMPILER_GLOBAL_ACCENT_COLOR_NAME = AccentColor;
				CODE_SIGN_STYLE = Automatic;
				DEVELOPMENT_ASSET_PATHS = "\"Landmarks/Preview Content\"";
				ENABLE_PREVIEWS = YES;
				INFOPLIST_FILE = Landmarks/Info.plist;
				IPHONEOS_DEPLOYMENT_TARGET = 14.0;
				LD_RUNPATH_SEARCH_PATHS = (
					"$(inherited)",
					"@executable_path/Frameworks",
				);
				PRODUCT_BUNDLE_IDENTIFIER = com.winlwinoo.Landmarks;
				PRODUCT_NAME = "$(TARGET_NAME)";
				SWIFT_VERSION = 5.0;
				TARGETED_DEVICE_FAMILY = "1,2";
			};
			name = Release;
		};
		EA029CFF25B19FD700DD73F9 /* Debug */ = {
			isa = XCBuildConfiguration;
			buildSettings = {
				ALWAYS_EMBED_SWIFT_STANDARD_LIBRARIES = YES;
				BUNDLE_LOADER = "$(TEST_HOST)";
				CODE_SIGN_STYLE = Automatic;
				INFOPLIST_FILE = LandmarksTests/Info.plist;
				IPHONEOS_DEPLOYMENT_TARGET = 14.0;
				LD_RUNPATH_SEARCH_PATHS = (
					"$(inherited)",
					"@executable_path/Frameworks",
					"@loader_path/Frameworks",
				);
				PRODUCT_BUNDLE_IDENTIFIER = com.winlwinoo.LandmarksTests;
				PRODUCT_NAME = "$(TARGET_NAME)";
				SWIFT_VERSION = 5.0;
				TARGETED_DEVICE_FAMILY = "1,2";
				TEST_HOST = "$(BUILT_PRODUCTS_DIR)/Landmarks.app/Landmarks";
			};
			name = Debug;
		};
		EA029D0025B19FD700DD73F9 /* Release */ = {
			isa = XCBuildConfiguration;
			buildSettings = {
				ALWAYS_EMBED_SWIFT_STANDARD_LIBRARIES = YES;
				BUNDLE_LOADER = "$(TEST_HOST)";
				CODE_SIGN_STYLE = Automatic;
				INFOPLIST_FILE = LandmarksTests/Info.plist;
				IPHONEOS_DEPLOYMENT_TARGET = 14.0;
				LD_RUNPATH_SEARCH_PATHS = (
					"$(inherited)",
					"@executable_path/Frameworks",
					"@loader_path/Frameworks",
				);
				PRODUCT_BUNDLE_IDENTIFIER = com.winlwinoo.LandmarksTests;
				PRODUCT_NAME = "$(TARGET_NAME)";
				SWIFT_VERSION = 5.0;
				TARGETED_DEVICE_FAMILY = "1,2";
				TEST_HOST = "$(BUILT_PRODUCTS_DIR)/Landmarks.app/Landmarks";
			};
			name = Release;
		};
		EA029D0225B19FD700DD73F9 /* Debug */ = {
			isa = XCBuildConfiguration;
			buildSettings = {
				ALWAYS_EMBED_SWIFT_STANDARD_LIBRARIES = YES;
				CODE_SIGN_STYLE = Automatic;
				INFOPLIST_FILE = LandmarksUITests/Info.plist;
				LD_RUNPATH_SEARCH_PATHS = (
					"$(inherited)",
					"@executable_path/Frameworks",
					"@loader_path/Frameworks",
				);
				PRODUCT_BUNDLE_IDENTIFIER = com.winlwinoo.LandmarksUITests;
				PRODUCT_NAME = "$(TARGET_NAME)";
				SWIFT_VERSION = 5.0;
				TARGETED_DEVICE_FAMILY = "1,2";
				TEST_TARGET_NAME = Landmarks;
			};
			name = Debug;
		};
		EA029D0325B19FD700DD73F9 /* Release */ = {
			isa = XCBuildConfiguration;
			buildSettings = {
				ALWAYS_EMBED_SWIFT_STANDARD_LIBRARIES = YES;
				CODE_SIGN_STYLE = Automatic;
				INFOPLIST_FILE = LandmarksUITests/Info.plist;
				LD_RUNPATH_SEARCH_PATHS = (
					"$(inherited)",
					"@executable_path/Frameworks",
					"@loader_path/Frameworks",
				);
				PRODUCT_BUNDLE_IDENTIFIER = com.winlwinoo.LandmarksUITests;
				PRODUCT_NAME = "$(TARGET_NAME)";
				SWIFT_VERSION = 5.0;
				TARGETED_DEVICE_FAMILY = "1,2";
				TEST_TARGET_NAME = Landmarks;
			};
			name = Release;
		};
/* End XCBuildConfiguration section */

/* Begin XCConfigurationList section */
		EA029CD125B19FD600DD73F9 /* Build configuration list for PBXProject "Landmarks" */ = {
			isa = XCConfigurationList;
			buildConfigurations = (
				EA029CF925B19FD700DD73F9 /* Debug */,
				EA029CFA25B19FD700DD73F9 /* Release */,
			);
			defaultConfigurationIsVisible = 0;
			defaultConfigurationName = Release;
		};
		EA029CFB25B19FD700DD73F9 /* Build configuration list for PBXNativeTarget "Landmarks" */ = {
			isa = XCConfigurationList;
			buildConfigurations = (
				EA029CFC25B19FD700DD73F9 /* Debug */,
				EA029CFD25B19FD700DD73F9 /* Release */,
			);
			defaultConfigurationIsVisible = 0;
			defaultConfigurationName = Release;
		};
		EA029CFE25B19FD700DD73F9 /* Build configuration list for PBXNativeTarget "LandmarksTests" */ = {
			isa = XCConfigurationList;
			buildConfigurations = (
				EA029CFF25B19FD700DD73F9 /* Debug */,
				EA029D0025B19FD700DD73F9 /* Release */,
			);
			defaultConfigurationIsVisible = 0;
			defaultConfigurationName = Release;
		};
		EA029D0125B19FD700DD73F9 /* Build configuration list for PBXNativeTarget "LandmarksUITests" */ = {
			isa = XCConfigurationList;
			buildConfigurations = (
				EA029D0225B19FD700DD73F9 /* Debug */,
				EA029D0325B19FD700DD73F9 /* Release */,
			);
			defaultConfigurationIsVisible = 0;
			defaultConfigurationName = Release;
		};
/* End XCConfigurationList section */
	};
	rootObject = EA029CCE25B19FD600DD73F9 /* Project object */;
}
